
Microsoft Visual Studio Solution File, Format Version 12.00
# Visual Studio 15
VisualStudioVersion = 15.0.27428.2037
MinimumVisualStudioVersion = 10.0.40219.1
Project("{FAE04EC0-301F-11D3-BF4B-00C04F79EFBC}") = "MPCP", "MPCP\MPCP.csproj", "{DACFC032-23A4-43C1-84FC-3983832DE84D}"
EndProject
Global
	GlobalSection(SolutionConfigurationPlatforms) = preSolution
		Debug|Any CPU = Debug|Any CPU
		Release|Any CPU = Release|Any CPU
	EndGlobalSection
	GlobalSection(ProjectConfigurationPlatforms) = postSolution
		{DACFC032-23A4-43C1-84FC-3983832DE84D}.Debug|Any CPU.ActiveCfg = Debug|Any CPU
		{DACFC032-23A4-43C1-84FC-3983832DE84D}.Debug|Any CPU.Build.0 = Debug|Any CPU
		{DACFC032-23A4-43C1-84FC-3983832DE84D}.Release|Any CPU.ActiveCfg = Release|Any CPU
		{DACFC032-23A4-43C1-84FC-3983832DE84D}.Release|Any CPU.Build.0 = Release|Any CPU
	EndGlobalSection
	GlobalSection(SolutionProperties) = preSolution
		HideSolutionNode = FALSE
	EndGlobalSection
	GlobalSection(ExtensibilityGlobals) = postSolution
		SolutionGuid = {35F7E56A-8C23-4977-802E-FECD1E4BEEFA}
	EndGlobalSection
EndGlobal
